
Microsoft Visual Studio Solution File, Format Version 12.00
# Visual Studio 15
VisualStudioVersion = 15.0.26124.0
MinimumVisualStudioVersion = 15.0.26124.0
Project("{FAE04EC0-301F-11D3-BF4B-00C04F79EFBC}") = "MLManager.Server", "MLManager.Server\MLManager.Server.csproj", "{53E05423-D52F-40B8-9F21-85E2A56B203F}"
EndProject
Project("{FAE04EC0-301F-11D3-BF4B-00C04F79EFBC}") = "MLManager.Tests", "MLManager.Tests\MLManager.Tests.csproj", "{450B70C1-8F79-4307-A908-6B607E378CE8}"
EndProject
Project("{FAE04EC0-301F-11D3-BF4B-00C04F79EFBC}") = "MLManager.Database", "MLManager.Database\MLManager.Database.csproj", "{0691B4D6-E269-49EB-87D6-9F552BF049FB}"
EndProject
Global
	GlobalSection(SolutionConfigurationPlatforms) = preSolution
		Debug|Any CPU = Debug|Any CPU
		Debug|x64 = Debug|x64
		Debug|x86 = Debug|x86
		Release|Any CPU = Release|Any CPU
		Release|x64 = Release|x64
		Release|x86 = Release|x86
	EndGlobalSection
	GlobalSection(SolutionProperties) = preSolution
		HideSolutionNode = FALSE
	EndGlobalSection
	GlobalSection(ProjectConfigurationPlatforms) = postSolution
		{53E05423-D52F-40B8-9F21-85E2A56B203F}.Debug|Any CPU.ActiveCfg = Debug|Any CPU
		{53E05423-D52F-40B8-9F21-85E2A56B203F}.Debug|Any CPU.Build.0 = Debug|Any CPU
		{53E05423-D52F-40B8-9F21-85E2A56B203F}.Debug|x64.ActiveCfg = Debug|Any CPU
		{53E05423-D52F-40B8-9F21-85E2A56B203F}.Debug|x64.Build.0 = Debug|Any CPU
		{53E05423-D52F-40B8-9F21-85E2A56B203F}.Debug|x86.ActiveCfg = Debug|Any CPU
		{53E05423-D52F-40B8-9F21-85E2A56B203F}.Debug|x86.Build.0 = Debug|Any CPU
		{53E05423-D52F-40B8-9F21-85E2A56B203F}.Release|Any CPU.ActiveCfg = Release|Any CPU
		{53E05423-D52F-40B8-9F21-85E2A56B203F}.Release|Any CPU.Build.0 = Release|Any CPU
		{53E05423-D52F-40B8-9F21-85E2A56B203F}.Release|x64.ActiveCfg = Release|Any CPU
		{53E05423-D52F-40B8-9F21-85E2A56B203F}.Release|x64.Build.0 = Release|Any CPU
		{53E05423-D52F-40B8-9F21-85E2A56B203F}.Release|x86.ActiveCfg = Release|Any CPU
		{53E05423-D52F-40B8-9F21-85E2A56B203F}.Release|x86.Build.0 = Release|Any CPU
		{450B70C1-8F79-4307-A908-6B607E378CE8}.Debug|Any CPU.ActiveCfg = Debug|Any CPU
		{450B70C1-8F79-4307-A908-6B607E378CE8}.Debug|Any CPU.Build.0 = Debug|Any CPU
		{450B70C1-8F79-4307-A908-6B607E378CE8}.Debug|x64.ActiveCfg = Debug|Any CPU
		{450B70C1-8F79-4307-A908-6B607E378CE8}.Debug|x64.Build.0 = Debug|Any CPU
		{450B70C1-8F79-4307-A908-6B607E378CE8}.Debug|x86.ActiveCfg = Debug|Any CPU
		{450B70C1-8F79-4307-A908-6B607E378CE8}.Debug|x86.Build.0 = Debug|Any CPU
		{450B70C1-8F79-4307-A908-6B607E378CE8}.Release|Any CPU.ActiveCfg = Release|Any CPU
		{450B70C1-8F79-4307-A908-6B607E378CE8}.Release|Any CPU.Build.0 = Release|Any CPU
		{450B70C1-8F79-4307-A908-6B607E378CE8}.Release|x64.ActiveCfg = Release|Any CPU
		{450B70C1-8F79-4307-A908-6B607E378CE8}.Release|x64.Build.0 = Release|Any CPU
		{450B70C1-8F79-4307-A908-6B607E378CE8}.Release|x86.ActiveCfg = Release|Any CPU
		{450B70C1-8F79-4307-A908-6B607E378CE8}.Release|x86.Build.0 = Release|Any CPU
		{0691B4D6-E269-49EB-87D6-9F552BF049FB}.Debug|Any CPU.ActiveCfg = Debug|Any CPU
		{0691B4D6-E269-49EB-87D6-9F552BF049FB}.Debug|Any CPU.Build.0 = Debug|Any CPU
		{0691B4D6-E269-49EB-87D6-9F552BF049FB}.Debug|x64.ActiveCfg = Debug|Any CPU
		{0691B4D6-E269-49EB-87D6-9F552BF049FB}.Debug|x64.Build.0 = Debug|Any CPU
		{0691B4D6-E269-49EB-87D6-9F552BF049FB}.Debug|x86.ActiveCfg = Debug|Any CPU
		{0691B4D6-E269-49EB-87D6-9F552BF049FB}.Debug|x86.Build.0 = Debug|Any CPU
		{0691B4D6-E269-49EB-87D6-9F552BF049FB}.Release|Any CPU.ActiveCfg = Release|Any CPU
		{0691B4D6-E269-49EB-87D6-9F552BF049FB}.Release|Any CPU.Build.0 = Release|Any CPU
		{0691B4D6-E269-49EB-87D6-9F552BF049FB}.Release|x64.ActiveCfg = Release|Any CPU
		{0691B4D6-E269-49EB-87D6-9F552BF049FB}.Release|x64.Build.0 = Release|Any CPU
		{0691B4D6-E269-49EB-87D6-9F552BF049FB}.Release|x86.ActiveCfg = Release|Any CPU
		{0691B4D6-E269-49EB-87D6-9F552BF049FB}.Release|x86.Build.0 = Release|Any CPU
	EndGlobalSection
EndGlobal
